// !$*UTF8*$!
{
	archiveVersion = 1;
	classes = {
	};
	objectVersion = 77;
	objects = {

/* Begin PBXBuildFile section */
		83DC2D7E2F7642690061AE53 /* Untitled.swift in Sources */ = {isa = PBXBuildFile; fileRef = 83DC2D7D2F7642620061AE53 /* Untitled.swift */; };
		83DC2D812F76426C0061AE53 /* DS _ DSi - Pokemon Black 2 _ White 2 - Overworld - Pokemon (Overworld).png in Resources */ = {isa = PBXBuildFile; fileRef = 83DC2D802F76426C0061AE53 /* DS _ DSi - Pokemon Black 2 _ White 2 - Overworld - Pokemon (Overworld).png */; };
		83DC2D822F76426C0061AE53 /* DS _ DSi - Pokemon Black 2 _ White 2 - Overworld - Overworld Entities.png in Resources */ = {isa = PBXBuildFile; fileRef = 83DC2D7F2F76426C0061AE53 /* DS _ DSi - Pokemon Black 2 _ White 2 - Overworld - Overworld Entities.png */; };
/* End PBXBuildFile section */

/* Begin PBXContainerItemProxy section */
		83DC2D612F7642520061AE53 /* PBXContainerItemProxy */ = {
			isa = PBXContainerItemProxy;
			containerPortal = 83DC2D4A2F7642500061AE53 /* Project object */;
			proxyType = 1;
			remoteGlobalIDString = 83DC2D512F7642500061AE53;
			remoteInfo = poketmon;
		};
		83DC2D6B2F7642520061AE53 /* PBXContainerItemProxy */ = {
			isa = PBXContainerItemProxy;
			containerPortal = 83DC2D4A2F7642500061AE53 /* Project object */;
			proxyType = 1;
			remoteGlobalIDString = 83DC2D512F7642500061AE53;
			remoteInfo = poketmon;
		};
/* End PBXContainerItemProxy section */

/* Begin PBXFileReference section */
		83DC2D522F7642500061AE53 /* poketmon.app */ = {isa = PBXFileReference; explicitFileType = wrapper.application; includeInIndex = 0; path = poketmon.app; sourceTree = BUILT_PRODUCTS_DIR; };
		83DC2D602F7642520061AE53 /* poketmonTests.xctest */ = {isa = PBXFileReference; explicitFileType = wrapper.cfbundle; includeInIndex = 0; path = poketmonTests.xctest; sourceTree = BUILT_PRODUCTS_DIR; };
		83DC2D6A2F7642520061AE53 /* poketmonUITests.xctest */ = {isa = PBXFileReference; explicitFileType = wrapper.cfbundle; includeInIndex = 0; path = poketmonUITests.xctest; sourceTree = BUILT_PRODUCTS_DIR; };
		83DC2D7D2F7642620061AE53 /* Untitled.swift */ = {isa = PBXFileReference; lastKnownFileType = sourcecode.swift; path = Untitled.swift; sourceTree = "<group>"; };
		83DC2D7F2F76426C0061AE53 /* DS _ DSi - Pokemon Black 2 _ White 2 - Overworld - Overworld Entities.png */ = {isa = PBXFileReference; lastKnownFileType = image.png; path = "DS _ DSi - Pokemon Black 2 _ White 2 - Overworld - Overworld Entities.png"; sourceTree = "<group>"; };
		83DC2D802F76426C0061AE53 /* DS _ DSi - Pokemon Black 2 _ White 2 - Overworld - Pokemon (Overworld).png */ = {isa = PBXFileReference; lastKnownFileType = image.png; path = "DS _ DSi - Pokemon Black 2 _ White 2 - Overworld - Pokemon (Overworld).png"; sourceTree = "<group>"; };
/* End PBXFileReference section */

/* Begin PBXFileSystemSynchronizedRootGroup section */
		83DC2D542F7642500061AE53 /* poketmon */ = {
			isa = PBXFileSystemSynchronizedRootGroup;
			path = poketmon;
			sourceTree = "<group>";
		};
		83DC2D632F7642520061AE53 /* poketmonTests */ = {
			isa = PBXFileSystemSynchronizedRootGroup;
			path = poketmonTests;
			sourceTree = "<group>";
		};
		83DC2D6D2F7642520061AE53 /* poketmonUITests */ = {
			isa = PBXFileSystemSynchronizedRootGroup;
			path = poketmonUITests;
			sourceTree = "<group>";
		};
/* End PBXFileSystemSynchronizedRootGroup section */

/* Begin PBXFrameworksBuildPhase section */
		83DC2D4F2F7642500061AE53 /* Frameworks */ = {
			isa = PBXFrameworksBuildPhase;
			buildActionMask = 2147483647;
			files = (
			);
			runOnlyForDeploymentPostprocessing = 0;
		};
		83DC2D5D2F7642520061AE53 /* Frameworks */ = {
			isa = PBXFrameworksBuildPhase;
			buildActionMask = 2147483647;
			files = (
			);
			runOnlyForDeploymentPostprocessing = 0;
		};
		83DC2D672F7642520061AE53 /* Frameworks */ = {
			isa = PBXFrameworksBuildPhase;
			buildActionMask = 2147483647;
			files = (
			);
			runOnlyForDeploymentPostprocessing = 0;
		};
/* End PBXFrameworksBuildPhase section */

/* Begin PBXGroup section */
		83DC2D492F7642500061AE53 = {
			isa = PBXGroup;
			children = (
				83DC2D7D2F7642620061AE53 /* Untitled.swift */,
				83DC2D542F7642500061AE53 /* poketmon */,
				83DC2D632F7642520061AE53 /* poketmonTests */,
				83DC2D6D2F7642520061AE53 /* poketmonUITests */,
				83DC2D532F7642500061AE53 /* Products */,
				83DC2D7F2F76426C0061AE53 /* DS _ DSi - Pokemon Black 2 _ White 2 - Overworld - Overworld Entities.png */,
				83DC2D802F76426C0061AE53 /* DS _ DSi - Pokemon Black 2 _ White 2 - Overworld - Pokemon (Overworld).png */,
			);
			sourceTree = "<group>";
		};
		83DC2D532F7642500061AE53 /* Products */ = {
			isa = PBXGroup;
			children = (
				83DC2D522F7642500061AE53 /* poketmon.app */,
				83DC2D602F7642520061AE53 /* poketmonTests.xctest */,
				83DC2D6A2F7642520061AE53 /* poketmonUITests.xctest */,
			);
			name = Products;
			sourceTree = "<group>";
		};
/* End PBXGroup section */

/* Begin PBXNativeTarget section */
		83DC2D512F7642500061AE53 /* poketmon */ = {
			isa = PBXNativeTarget;
			buildConfigurationList = 83DC2D742F7642520061AE53 /* Build configuration list for PBXNativeTarget "poketmon" */;
			buildPhases = (
				83DC2D4E2F7642500061AE53 /* Sources */,
				83DC2D4F2F7642500061AE53 /* Frameworks */,
				83DC2D502F7642500061AE53 /* Resources */,
			);
			buildRules = (
			);
			dependencies = (
			);
			fileSystemSynchronizedGroups = (
				83DC2D542F7642500061AE53 /* poketmon */,
			);
			name = poketmon;
			packageProductDependencies = (
			);
			productName = poketmon;
			productReference = 83DC2D522F7642500061AE53 /* poketmon.app */;
			productType = "com.apple.product-type.application";
		};
		83DC2D5F2F7642520061AE53 /* poketmonTests */ = {
			isa = PBXNativeTarget;
			buildConfigurationList = 83DC2D772F7642520061AE53 /* Build configuration list for PBXNativeTarget "poketmonTests" */;
			buildPhases = (
				83DC2D5C2F7642520061AE53 /* Sources */,
				83DC2D5D2F7642520061AE53 /* Frameworks */,
				83DC2D5E2F7642520061AE53 /* Resources */,
			);
			buildRules = (
			);
			dependencies = (
				83DC2D622F7642520061AE53 /* PBXTargetDependency */,
			);
			fileSystemSynchronizedGroups = (
				83DC2D632F7642520061AE53 /* poketmonTests */,
			);
			name = poketmonTests;
			packageProductDependencies = (
			);
			productName = poketmonTests;
			productReference = 83DC2D602F7642520061AE53 /* poketmonTests.xctest */;
			productType = "com.apple.product-type.bundle.unit-test";
		};
		83DC2D692F7642520061AE53 /* poketmonUITests */ = {
			isa = PBXNativeTarget;
			buildConfigurationList = 83DC2D7A2F7642520061AE53 /* Build configuration list for PBXNativeTarget "poketmonUITests" */;
			buildPhases = (
				83DC2D662F7642520061AE53 /* Sources */,
				83DC2D672F7642520061AE53 /* Frameworks */,
				83DC2D682F7642520061AE53 /* Resources */,
			);
			buildRules = (
			);
			dependencies = (
				83DC2D6C2F7642520061AE53 /* PBXTargetDependency */,
			);
			fileSystemSynchronizedGroups = (
				83DC2D6D2F7642520061AE53 /* poketmonUITests */,
			);
			name = poketmonUITests;
			packageProductDependencies = (
			);
			productName = poketmonUITests;
			productReference = 83DC2D6A2F7642520061AE53 /* poketmonUITests.xctest */;
			productType = "com.apple.product-type.bundle.ui-testing";
		};
/* End PBXNativeTarget section */

/* Begin PBXProject section */
		83DC2D4A2F7642500061AE53 /* Project object */ = {
			isa = PBXProject;
			attributes = {
				BuildIndependentTargetsInParallel = 1;
				LastSwiftUpdateCheck = 1640;
				LastUpgradeCheck = 1640;
				TargetAttributes = {
					83DC2D512F7642500061AE53 = {
						CreatedOnToolsVersion = 16.4;
					};
					83DC2D5F2F7642520061AE53 = {
						CreatedOnToolsVersion = 16.4;
						TestTargetID = 83DC2D512F7642500061AE53;
					};
					83DC2D692F7642520061AE53 = {
						CreatedOnToolsVersion = 16.4;
						TestTargetID = 83DC2D512F7642500061AE53;
					};
				};
			};
			buildConfigurationList = 83DC2D4D2F7642500061AE53 /* Build configuration list for PBXProject "poketmon" */;
			developmentRegion = en;
			hasScannedForEncodings = 0;
			knownRegions = (
				en,
				Base,
			);
			mainGroup = 83DC2D492F7642500061AE53;
			minimizedProjectReferenceProxies = 1;
			preferredProjectObjectVersion = 77;
			productRefGroup = 83DC2D532F7642500061AE53 /* Products */;
			projectDirPath = "";
			projectRoot = "";
			targets = (
				83DC2D512F7642500061AE53 /* poketmon */,
				83DC2D5F2F7642520061AE53 /* poketmonTests */,
				83DC2D692F7642520061AE53 /* poketmonUITests */,
			);
		};
/* End PBXProject section */

/* Begin PBXResourcesBuildPhase section */
		83DC2D502F7642500061AE53 /* Resources */ = {
			isa = PBXResourcesBuildPhase;
			buildActionMask = 2147483647;
			files = (
				83DC2D812F76426C0061AE53 /* DS _ DSi - Pokemon Black 2 _ White 2 - Overworld - Pokemon (Overworld).png in Resources */,
				83DC2D822F76426C0061AE53 /* DS _ DSi - Pokemon Black 2 _ White 2 - Overworld - Overworld Entities.png in Resources */,
			);
			runOnlyForDeploymentPostprocessing = 0;
		};
		83DC2D5E2F7642520061AE53 /* Resources */ = {
			isa = PBXResourcesBuildPhase;
			buildActionMask = 2147483647;
			files = (
			);
			runOnlyForDeploymentPostprocessing = 0;
		};
		83DC2D682F7642520061AE53 /* Resources */ = {
			isa = PBXResourcesBuildPhase;
			buildActionMask = 2147483647;
			files = (
			);
			runOnlyForDeploymentPostprocessing = 0;
		};
/* End PBXResourcesBuildPhase section */

/* Begin PBXSourcesBuildPhase section */
		83DC2D4E2F7642500061AE53 /* Sources */ = {
			isa = PBXSourcesBuildPhase;
			buildActionMask = 2147483647;
			files = (
				83DC2D7E2F7642690061AE53 /* Untitled.swift in Sources */,
			);
			runOnlyForDeploymentPostprocessing = 0;
		};
		83DC2D5C2F7642520061AE53 /* Sources */ = {
			isa = PBXSourcesBuildPhase;
			buildActionMask = 2147483647;
			files = (
			);
			runOnlyForDeploymentPostprocessing = 0;
		};
		83DC2D662F7642520061AE53 /* Sources */ = {
			isa = PBXSourcesBuildPhase;
			buildActionMask = 2147483647;
			files = (
			);
			runOnlyForDeploymentPostprocessing = 0;
		};
/* End PBXSourcesBuildPhase section */

/* Begin PBXTargetDependency section */
		83DC2D622F7642520061AE53 /* PBXTargetDependency */ = {
			isa = PBXTargetDependency;
			target = 83DC2D512F7642500061AE53 /* poketmon */;
			targetProxy = 83DC2D612F7642520061AE53 /* PBXContainerItemProxy */;
		};
		83DC2D6C2F7642520061AE53 /* PBXTargetDependency */ = {
			isa = PBXTargetDependency;
			target = 83DC2D512F7642500061AE53 /* poketmon */;
			targetProxy = 83DC2D6B2F7642520061AE53 /* PBXContainerItemProxy */;
		};
/* End PBXTargetDependency section */

/* Begin XCBuildConfiguration section */
		83DC2D722F7642520061AE53 /* Debug */ = {
			isa = XCBuildConfiguration;
			buildSettings = {
				ALWAYS_SEARCH_USER_PATHS = NO;
				ASSETCATALOG_COMPILER_GENERATE_SWIFT_ASSET_SYMBOL_EXTENSIONS = YES;
				CLANG_ANALYZER_NONNULL = YES;
				CLANG_ANALYZER_NUMBER_OBJECT_CONVERSION = YES_AGGRESSIVE;
				CLANG_CXX_LANGUAGE_STANDARD = "gnu++20";
				CLANG_ENABLE_MODULES = YES;
				CLANG_ENABLE_OBJC_ARC = YES;
				CLANG_ENABLE_OBJC_WEAK = YES;
				CLANG_WARN_BLOCK_CAPTURE_AUTORELEASING = YES;
				CLANG_WARN_BOOL_CONVERSION = YES;
				CLANG_WARN_COMMA = YES;
				CLANG_WARN_CONSTANT_CONVERSION = YES;
				CLANG_WARN_DEPRECATED_OBJC_IMPLEMENTATIONS = YES;
				CLANG_WARN_DIRECT_OBJC_ISA_USAGE = YES_ERROR;
				CLANG_WARN_DOCUMENTATION_COMMENTS = YES;
				CLANG_WARN_EMPTY_BODY = YES;
				CLANG_WARN_ENUM_CONVERSION = YES;
				CLANG_WARN_INFINITE_RECURSION = YES;
				CLANG_WARN_INT_CONVERSION = YES;
				CLANG_WARN_NON_LITERAL_NULL_CONVERSION = YES;
				CLANG_WARN_OBJC_IMPLICIT_RETAIN_SELF = YES;
				CLANG_WARN_OBJC_LITERAL_CONVERSION = YES;
				CLANG_WARN_OBJC_ROOT_CLASS = YES_ERROR;
				CLANG_WARN_QUOTED_INCLUDE_IN_FRAMEWORK_HEADER = YES;
				CLANG_WARN_RANGE_LOOP_ANALYSIS = YES;
				CLANG_WARN_STRICT_PROTOTYPES = YES;
				CLANG_WARN_SUSPICIOUS_MOVE = YES;
				CLANG_WARN_UNGUARDED_AVAILABILITY = YES_AGGRESSIVE;
				CLANG_WARN_UNREACHABLE_CODE = YES;
				CLANG_WARN__DUPLICATE_METHOD_MATCH = YES;
				COPY_PHASE_STRIP = NO;
				DEBUG_INFORMATION_FORMAT = dwarf;
				ENABLE_STRICT_OBJC_MSGSEND = YES;
				ENABLE_TESTABILITY = YES;
				ENABLE_USER_SCRIPT_SANDBOXING = YES;
				GCC_C_LANGUAGE_STANDARD = gnu17;
				GCC_DYNAMIC_NO_PIC = NO;
				GCC_NO_COMMON_BLOCKS = YES;
				GCC_OPTIMIZATION_LEVEL = 0;
				GCC_PREPROCESSOR_DEFINITIONS = (
					"DEBUG=1",
					"$(inherited)",
				);
				GCC_WARN_64_TO_32_BIT_CONVERSION = YES;
				GCC_WARN_ABOUT_RETURN_TYPE = YES_ERROR;
				GCC_WARN_UNDECLARED_SELECTOR = YES;
				GCC_WARN_UNINITIALIZED_AUTOS = YES_AGGRESSIVE;
				GCC_WARN_UNUSED_FUNCTION = YES;
				GCC_WARN_UNUSED_VARIABLE = YES;
				LOCALIZATION_PREFERS_STRING_CATALOGS = YES;
				MACOSX_DEPLOYMENT_TARGET = 15.5;
				MTL_ENABLE_DEBUG_INFO = INCLUDE_SOURCE;
				MTL_FAST_MATH = YES;
				ONLY_ACTIVE_ARCH = YES;
				SDKROOT = macosx;
				SWIFT_ACTIVE_COMPILATION_CONDITIONS = "DEBUG $(inherited)";
				SWIFT_OPTIMIZATION_LEVEL = "-Onone";
			};
			name = Debug;
		};
		83DC2D732F7642520061AE53 /* Release */ = {
			isa = XCBuildConfiguration;
			buildSettings = {
				ALWAYS_SEARCH_USER_PATHS = NO;
				ASSETCATALOG_COMPILER_GENERATE_SWIFT_ASSET_SYMBOL_EXTENSIONS = YES;
				CLANG_ANALYZER_NONNULL = YES;
				CLANG_ANALYZER_NUMBER_OBJECT_CONVERSION = YES_AGGRESSIVE;
				CLANG_CXX_LANGUAGE_STANDARD = "gnu++20";
				CLANG_ENABLE_MODULES = YES;
				CLANG_ENABLE_OBJC_ARC = YES;
				CLANG_ENABLE_OBJC_WEAK = YES;
				CLANG_WARN_BLOCK_CAPTURE_AUTORELEASING = YES;
				CLANG_WARN_BOOL_CONVERSION = YES;
				CLANG_WARN_COMMA = YES;
				CLANG_WARN_CONSTANT_CONVERSION = YES;
				CLANG_WARN_DEPRECATED_OBJC_IMPLEMENTATIONS = YES;
				CLANG_WARN_DIRECT_OBJC_ISA_USAGE = YES_ERROR;
				CLANG_WARN_DOCUMENTATION_COMMENTS = YES;
				CLANG_WARN_EMPTY_BODY = YES;
				CLANG_WARN_ENUM_CONVERSION = YES;
				CLANG_WARN_INFINITE_RECURSION = YES;
				CLANG_WARN_INT_CONVERSION = YES;
				CLANG_WARN_NON_LITERAL_NULL_CONVERSION = YES;
				CLANG_WARN_OBJC_IMPLICIT_RETAIN_SELF = YES;
				CLANG_WARN_OBJC_LITERAL_CONVERSION = YES;
				CLANG_WARN_OBJC_ROOT_CLASS = YES_ERROR;
				CLANG_WARN_QUOTED_INCLUDE_IN_FRAMEWORK_HEADER = YES;
				CLANG_WARN_RANGE_LOOP_ANALYSIS = YES;
				CLANG_WARN_STRICT_PROTOTYPES = YES;
				CLANG_WARN_SUSPICIOUS_MOVE = YES;
				CLANG_WARN_UNGUARDED_AVAILABILITY = YES_AGGRESSIVE;
				CLANG_WARN_UNREACHABLE_CODE = YES;
				CLANG_WARN__DUPLICATE_METHOD_MATCH = YES;
				COPY_PHASE_STRIP = NO;
				DEBUG_INFORMATION_FORMAT = "dwarf-with-dsym";
				ENABLE_NS_ASSERTIONS = NO;
				ENABLE_STRICT_OBJC_MSGSEND = YES;
				ENABLE_USER_SCRIPT_SANDBOXING = YES;
				GCC_C_LANGUAGE_STANDARD = gnu17;
				GCC_NO_COMMON_BLOCKS = YES;
				GCC_WARN_64_TO_32_BIT_CONVERSION = YES;
				GCC_WARN_ABOUT_RETURN_TYPE = YES_ERROR;
				GCC_WARN_UNDECLARED_SELECTOR = YES;
				GCC_WARN_UNINITIALIZED_AUTOS = YES_AGGRESSIVE;
				GCC_WARN_UNUSED_FUNCTION = YES;
				GCC_WARN_UNUSED_VARIABLE = YES;
				LOCALIZATION_PREFERS_STRING_CATALOGS = YES;
				MACOSX_DEPLOYMENT_TARGET = 15.5;
				MTL_ENABLE_DEBUG_INFO = NO;
				MTL_FAST_MATH = YES;
				SDKROOT = macosx;
				SWIFT_COMPILATION_MODE = wholemodule;
			};
			name = Release;
		};
		83DC2D752F7642520061AE53 /* Debug */ = {
			isa = XCBuildConfiguration;
			buildSettings = {
				ASSETCATALOG_COMPILER_APPICON_NAME = AppIcon;
				ASSETCATALOG_COMPILER_GLOBAL_ACCENT_COLOR_NAME = AccentColor;
				CODE_SIGN_ENTITLEMENTS = poketmon/poketmon.entitlements;
				CODE_SIGN_STYLE = Automatic;
				COMBINE_HIDPI_IMAGES = YES;
				CURRENT_PROJECT_VERSION = 1;
				ENABLE_PREVIEWS = YES;
				GENERATE_INFOPLIST_FILE = YES;
				INFOPLIST_KEY_NSHumanReadableCopyright = "";
				LD_RUNPATH_SEARCH_PATHS = (
					"$(inherited)",
					"@executable_path/../Frameworks",
				);
				MARKETING_VERSION = 1.0;
				PRODUCT_BUNDLE_IDENTIFIER = poketmon.poketmon;
				PRODUCT_NAME = "$(TARGET_NAME)";
				REGISTER_APP_GROUPS = YES;
				SWIFT_EMIT_LOC_STRINGS = YES;
				SWIFT_VERSION = 5.0;
			};
			name = Debug;
		};
		83DC2D762F7642520061AE53 /* Release */ = {
			isa = XCBuildConfiguration;
			buildSettings = {
				ASSETCATALOG_COMPILER_APPICON_NAME = AppIcon;
				ASSETCATALOG_COMPILER_GLOBAL_ACCENT_COLOR_NAME = AccentColor;
				CODE_SIGN_ENTITLEMENTS = poketmon/poketmon.entitlements;
				CODE_SIGN_STYLE = Automatic;
				COMBINE_HIDPI_IMAGES = YES;
				CURRENT_PROJECT_VERSION = 1;
				ENABLE_PREVIEWS = YES;
				GENERATE_INFOPLIST_FILE = YES;
				INFOPLIST_KEY_NSHumanReadableCopyright = "";
				LD_RUNPATH_SEARCH_PATHS = (
					"$(inherited)",
					"@executable_path/../Frameworks",
				);
				MARKETING_VERSION = 1.0;
				PRODUCT_BUNDLE_IDENTIFIER = poketmon.poketmon;
				PRODUCT_NAME = "$(TARGET_NAME)";
				REGISTER_APP_GROUPS = YES;
				SWIFT_EMIT_LOC_STRINGS = YES;
				SWIFT_VERSION = 5.0;
			};
			name = Release;
		};
		83DC2D782F7642520061AE53 /* Debug */ = {
			isa = XCBuildConfiguration;
			buildSettings = {
				BUNDLE_LOADER = "$(TEST_HOST)";
				CODE_SIGN_STYLE = Automatic;
				CURRENT_PROJECT_VERSION = 1;
				GENERATE_INFOPLIST_FILE = YES;
				MACOSX_DEPLOYMENT_TARGET = 15.5;
				MARKETING_VERSION = 1.0;
				PRODUCT_BUNDLE_IDENTIFIER = poketmon.poketmonTests;
				PRODUCT_NAME = "$(TARGET_NAME)";
				SWIFT_EMIT_LOC_STRINGS = NO;
				SWIFT_VERSION = 5.0;
				TEST_HOST = "$(BUILT_PRODUCTS_DIR)/poketmon.app/$(BUNDLE_EXECUTABLE_FOLDER_PATH)/poketmon";
			};
			name = Debug;
		};
		83DC2D792F7642520061AE53 /* Release */ = {
			isa = XCBuildConfiguration;
			buildSettings = {
				BUNDLE_LOADER = "$(TEST_HOST)";
				CODE_SIGN_STYLE = Automatic;
				CURRENT_PROJECT_VERSION = 1;
				GENERATE_INFOPLIST_FILE = YES;
				MACOSX_DEPLOYMENT_TARGET = 15.5;
				MARKETING_VERSION = 1.0;
				PRODUCT_BUNDLE_IDENTIFIER = poketmon.poketmonTests;
				PRODUCT_NAME = "$(TARGET_NAME)";
				SWIFT_EMIT_LOC_STRINGS = NO;
				SWIFT_VERSION = 5.0;
				TEST_HOST = "$(BUILT_PRODUCTS_DIR)/poketmon.app/$(BUNDLE_EXECUTABLE_FOLDER_PATH)/poketmon";
			};
			name = Release;
		};
		83DC2D7B2F7642520061AE53 /* Debug */ = {
			isa = XCBuildConfiguration;
			buildSettings = {
				CODE_SIGN_STYLE = Automatic;
				CURRENT_PROJECT_VERSION = 1;
				GENERATE_INFOPLIST_FILE = YES;
				MARKETING_VERSION = 1.0;
				PRODUCT_BUNDLE_IDENTIFIER = poketmon.poketmonUITests;
				PRODUCT_NAME = "$(TARGET_NAME)";
				SWIFT_EMIT_LOC_STRINGS = NO;
				SWIFT_VERSION = 5.0;
				TEST_TARGET_NAME = poketmon;
			};
			name = Debug;
		};
		83DC2D7C2F7642520061AE53 /* Release */ = {
			isa = XCBuildConfiguration;
			buildSettings = {
				CODE_SIGN_STYLE = Automatic;
				CURRENT_PROJECT_VERSION = 1;
				GENERATE_INFOPLIST_FILE = YES;
				MARKETING_VERSION = 1.0;
				PRODUCT_BUNDLE_IDENTIFIER = poketmon.poketmonUITests;
				PRODUCT_NAME = "$(TARGET_NAME)";
				SWIFT_EMIT_LOC_STRINGS = NO;
				SWIFT_VERSION = 5.0;
				TEST_TARGET_NAME = poketmon;
			};
			name = Release;
		};
/* End XCBuildConfiguration section */

/* Begin XCConfigurationList section */
		83DC2D4D2F7642500061AE53 /* Build configuration list for PBXProject "poketmon" */ = {
			isa = XCConfigurationList;
			buildConfigurations = (
				83DC2D722F7642520061AE53 /* Debug */,
				83DC2D732F7642520061AE53 /* Release */,
			);
			defaultConfigurationIsVisible = 0;
			defaultConfigurationName = Release;
		};
		83DC2D742F7642520061AE53 /* Build configuration list for PBXNativeTarget "poketmon" */ = {
			isa = XCConfigurationList;
			buildConfigurations = (
				83DC2D752F7642520061AE53 /* Debug */,
				83DC2D762F7642520061AE53 /* Release */,
			);
			defaultConfigurationIsVisible = 0;
			defaultConfigurationName = Release;
		};
		83DC2D772F7642520061AE53 /* Build configuration list for PBXNativeTarget "poketmonTests" */ = {
			isa = XCConfigurationList;
			buildConfigurations = (
				83DC2D782F7642520061AE53 /* Debug */,
				83DC2D792F7642520061AE53 /* Release */,
			);
			defaultConfigurationIsVisible = 0;
			defaultConfigurationName = Release;
		};
		83DC2D7A2F7642520061AE53 /* Build configuration list for PBXNativeTarget "poketmonUITests" */ = {
			isa = XCConfigurationList;
			buildConfigurations = (
				83DC2D7B2F7642520061AE53 /* Debug */,
				83DC2D7C2F7642520061AE53 /* Release */,
			);
			defaultConfigurationIsVisible = 0;
			defaultConfigurationName = Release;
		};
/* End XCConfigurationList section */
	};
	rootObject = 83DC2D4A2F7642500061AE53 /* Project object */;
}
